
Microsoft Visual Studio Solution File, Format Version 12.00
# Visual Studio Version 16
VisualStudioVersion = 16.0.30907.101
MinimumVisualStudioVersion = 10.0.40219.1
Project("{FAE04EC0-301F-11D3-BF4B-00C04F79EFBC}") = "medium3", "medium3.csproj", "{E3B87728-FFDD-4374-B762-D6C5074D217F}"
EndProject
Global
	GlobalSection(SolutionConfigurationPlatforms) = preSolution
		Debug|Any CPU = Debug|Any CPU
		Release|Any CPU = Release|Any CPU
	EndGlobalSection
	GlobalSection(ProjectConfigurationPlatforms) = postSolution
		{E3B87728-FFDD-4374-B762-D6C5074D217F}.Debug|Any CPU.ActiveCfg = Debug|Any CPU
		{E3B87728-FFDD-4374-B762-D6C5074D217F}.Debug|Any CPU.Build.0 = Debug|Any CPU
		{E3B87728-FFDD-4374-B762-D6C5074D217F}.Release|Any CPU.ActiveCfg = Release|Any CPU
		{E3B87728-FFDD-4374-B762-D6C5074D217F}.Release|Any CPU.Build.0 = Release|Any CPU
	EndGlobalSection
	GlobalSection(SolutionProperties) = preSolution
		HideSolutionNode = FALSE
	EndGlobalSection
	GlobalSection(ExtensibilityGlobals) = postSolution
		SolutionGuid = {F5EBBB13-3CF7-4D22-980F-DE6FE37BD9CD}
	EndGlobalSection
EndGlobal
